{
  "lib/forge-std": {
    "rev": "f46d8301cf732f4f83846565aa475628265e51e0"
  },
  "lib/rain.datacontract": {
    "rev": "9c8d6e64208fb1788ba38cec942e9234725f134d"
  },
  "lib/rain.math.fixedpoint": {
    "rev": "21fbc5f0216229c769585e7772204011b5f3cbd6"
  },
  "lib/rain.sol.codegen": {
    "rev": "769792d577a7ecae954a7cdd64a222b8d6fe450d"
  },
  "lib/rain.string": {
    "rev": "8a0a8fa1cfee5a809b707494524db02cdbc090b5"
  }
}