{
  "lib/forge-std": {
    "rev": "1801b0541f4fda118a10798fd3486bb7051c5dd6"
  },
  "lib/rain.datacontract": {
    "rev": "82590300cf768b6c5efc8b92c64b7f402bd34bee"
  },
  "lib/rain.math.fixedpoint": {
    "rev": "8308cbb6da0e231c6f3437f1861e66eff7ea2b00"
  },
  "lib/rain.sol.codegen": {
    "rev": "dfe95884edfde3d4faf51046dc392aa9221bb0a7"
  },
  "lib/rain.string": {
    "rev": "488f237cd59874e4eb91b5a4f747bd57578fec7f"
  }
}