[[dependencies]]
name = "@openzeppelin-contracts"
version = "5.7.0"
url = "https://soldeer-revisions.s3.amazonaws.com/@openzeppelin-contracts/5_7_0_29-07-2026_19:34:46_contracts.zip"
checksum = "fe08a24bc34334b2976c6ad69a0d74bdfa63de8a5c8528579060f25a11fb5cd5"
integrity = "3e13bc4d96bdef6e35f6b1e0dc0e455843a958edc597750dff20ca50295b767d"

[[dependencies]]
name = "forge-std"
version = "1.17.0"
url = "https://soldeer-revisions.s3.amazonaws.com/forge-std/1_17_0_01-10-2026_10:59:49_forge-std-1.17.zip"
checksum = "a77ad38d5fbef0ec10d1f4d191698e5fbaa2bffbee5d1aced91a39da5e9b908c"
integrity = "fa706c8a7caf3426c90f75e6aafa3224b0a6c899b490800cf6944e4ec42f9344"

[[dependencies]]
name = "rain-datacontract"
version = "0.2.0"
url = "https://soldeer-revisions.s3.amazonaws.com/rain-datacontract/0_2_0_25-08-2026_17:39:38_rain.zip"
checksum = "430d909c929306c5adb21466202c40eb55ee132ace9340488c1f43f28f22c9d6"
integrity = "1f109f6ff2778fb42c984030a06fe6e35ceab980d21025c71335b1a23dcecd24"

[[dependencies]]
name = "rain-solmem"
version = "0.1.28"
url = "https://soldeer-revisions.s3.amazonaws.com/rain-solmem/0_1_28_03-09-2026_07:34:16_rain.zip"
checksum = "3dafbef001edb181683a43c3c295e3f88e2ffcedd751e986562e71e29560c9f0"
integrity = "e7508cd81a998a67118a0fca314d504dc62850d6b535d29c824f696f214e4b23"

[[dependencies]]
name = "rain-string"
version = "0.3.9"
url = "https://soldeer-revisions.s3.amazonaws.com/rain-string/0_3_9_25-08-2026_10:18:31_rain.zip"
checksum = "fbeecc1f85d4449728c600abe78667db8367df5c391591195fe3bfc6bffd868e"
integrity = "898116147f72443a8c34315abbeb9906d8a4665fdcbb39e6ad70ddd84354db53"
